github.com/BurntSushi/toml v0.3.1 h1:WXkYYl6Yr3qBf1K79EBnL4mak0OimBfB0XUf9Vl28OQ=
github.com/BurntSushi/toml v0.3.1/go.mod h1:xHWCNGjB5oqiDr8zfno3MHue2Ht5sIBksp03qcyfWMU=
github.com/JojiiOfficial/LibRemotebuild v0.0.3 h1:MdXvqIlVcdXCcBf/XDbPxvhCF+Wwurijr4J7kNeNjI0=
github.com/JojiiOfficial/LibRemotebuild v0.0.3/go.mod h1:NS5D8NlALafEHK8LmRctE22sM4JjOlZyCwoXA//P2nU=
github.com/JojiiOfficial/LibRemotebuild v0.0.4 h1:cMORzF19S++ukmzpXRwwXVmT5FBUCHcBZOnLhw7a+JY=
github.com/JojiiOfficial/LibRemotebuild v0.0.4/go.mod h1:NS5D8NlALafEHK8LmRctE22sM4JjOlZyCwoXA//P2nU=
github.com/JojiiOfficial/LibRemotebuild/config v0.0.0-20200512212457-3bff7ed5eb32 h1:KERkssPvY6PIRjZw7Abv5mkhDXeRixBgCoSboBtiMrA=
github.com/JojiiOfficial/LibRemotebuild/config v0.0.0-20200512212457-3bff7ed5eb32/go.mod h1:lxGR/6KclpgZK45zYp8Fez3LbhrWIOI3ZYM0jFAkYFo=
github.com/JojiiOfficial/configService v0.0.0-20200219132202-6e71512e2e28 h1:nYoIExG+Z/gSLS9Jbpu6lnrh+m6e9gTxQfGhanTsExE=
github.com/JojiiOfficial/configService v0.0.0-20200219132202-6e71512e2e28/go.mod h1:j1kHFoYWAbLRPE5nyAAtODwUc0xwd2+ifPZ3uCAgv/g=
github.com/JojiiOfficial/gaw v1.2.1 h1:zwVLf5TQrXQF+pwI+/sVsfxTxmAZbZ5BjVT/nKxb2Ck=
github.com/JojiiOfficial/gaw v1.2.1/go.mod h1:Y0hrpN0iX0L5bBf/8+kIER7R/m4GTNuKkifXisMG4S4=
github.com/alecthomas/template v0.0.0-20190718012654-fb15b899a751 h1:JYp7IbQjafoB+tBA3gMyHYHrpOtNuDiK/uB5uXxq5wM=
github.com/alecthomas/template v0.0.0-20190718012654-fb15b899a751/go.mod h1:LOuyumcjzFXgccqObfd/Ljyb9UuFJ6TxHnclSeseNhc=
github.com/alecthomas/units v0.0.0-20190924025748-f65c72e2690d h1:UQZhZ2O0vMHr2cI+DC1Mbh0TJxzA3RcLoMsFw+aXw7E=
github.com/alecthomas/units v0.0.0-20190924025748-f65c72e2690d/go.mod h1:rBZYJk541a8SKzHPHnH3zbiI+7dagKZ0cgpgrD7Fyho=
github.com/danieljoos/wincred v1.0.2 h1:zf4bhty2iLuwgjgpraD2E9UbvO+fe54XXGJbOwe23fU=
github.com/danieljoos/wincred v1.0.2/go.mod h1:SnuYRW9lp1oJrZX/dXJqr0cPK5gYXqx3EJbmjhLdK9U=
github.com/davecgh/go-spew v1.1.0 h1:ZDRjVQ15GmhC3fiQ8ni8+OwkZQO4DARzQgrnXU1Liz8=
github.com/davecgh/go-spew v1.1.0/go.mod h1:J7Y8YcW2NihsgmVo/mv3lAwl/skON4iLHjSsI+c5H38=
github.com/denisbrodbeck/machineid v1.0.1 h1:geKr9qtkB876mXguW2X6TU4ZynleN6ezuMSRhl4D7AQ=
github.com/denisbrodbeck/machineid v1.0.1/go.mod h1:dJUwb7PTidGDeYyUBmXZ2GphQBbjJCrnectwCyxcUSI=
github.com/fatih/color v1.9.0 h1:8xPHl4/q1VyqGIPif1F+1V3Y3lSmrq01EabUW3CoW5s=
github.com/fatih/color v1.9.0/go.mod h1:eQcE1qtQxscV5RaZvpXrrb8Drkc3/DdQ+uUYCNjL+zU=
github.com/godbus/dbus v4.1.0+incompatible h1:WqqLRTsQic3apZUK9qC5sGNfXthmPXzUZ7nQPrNITa4=
github.com/godbus/dbus v4.1.0+incompatible/go.mod h1:/YcGZj5zSblfDWMMoOzV4fas9FZnQYTkDnsGvmh2Grw=
github.com/mattn/go-colorable v0.1.4 h1:snbPLB8fVfU9iwbbo30TPtbLRzwWu6aJS6Xh4eaaviA=
github.com/mattn/go-colorable v0.1.4/go.mod h1:U0ppj6V5qS13XJ6of8GYAs25YV2eR4EVcfRqFIhoBtE=
github.com/mattn/go-isatty v0.0.8/go.mod h1:Iq45c/XA43vh69/j3iqttzPXn0bhXyGjM0Hdxcsrc5s=
github.com/mattn/go-isatty v0.0.11 h1:FxPOTFNqGkuDUGi3H/qkUbQO4ZiBa2brKq5r0l8TGeM=
github.com/mattn/go-isatty v0.0.11/go.mod h1:PhnuNfih5lzO57/f3n+odYbM4JtupLOxQOAqxQCu2WE=
github.com/pmezard/go-difflib v1.0.0 h1:4DBwDE0NGyQoBHbLQYPwSUPoCMWR5BEzIk/f1lZbAQM=
github.com/pmezard/go-difflib v1.0.0/go.mod h1:iKH77koFhYxTK1pcRnkKkqfTogsbg7gZNVY4sRDYZ/4=
github.com/stretchr/objx v0.1.0 h1:4G4v2dO3VZwixGIRoQ5Lfboy6nUhCyYzaqnIAPPhYs4=
github.com/stretchr/objx v0.1.0/go.mod h1:HFkY916IF+rwdDfMAkV7OtwuqBVzrE8GR6GFx+wExME=
github.com/stretchr/testify v1.4.0 h1:2E4SXV/wtOkTonXsotYi4li6zVWxYlZuYNCXe9XRJyk=
github.com/stretchr/testify v1.4.0/go.mod h1:j7eGeouHqKxXV5pUuKE4zz7dFj8WfuZ+81PSLYec5m4=
github.com/zalando/go-keyring v0.0.0-20200121091418-667557018717 h1:3M/uUZajYn/082wzUajekePxpUAZhMTfXvI9R+26SJ0=
github.com/zalando/go-keyring v0.0.0-20200121091418-667557018717/go.mod h1:RaxNwUITJaHVdQ0VC7pELPZ3tOWn13nr0gZMZEhpVU0=
golang.org/x/crypto v0.0.0-20190308221718-c2843e01d9a2/go.mod h1:djNgcEr1/C05ACkg1iLfiJU5Ep61QUkGW8qpdssI0+w=
golang.org/x/crypto v0.0.0-20200510223506-06a226fb4e37 h1:cg5LA/zNPRzIXIWSCxQW10Rvpy94aQh3LT/ShoCpkHw=
golang.org/x/crypto v0.0.0-20200510223506-06a226fb4e37/go.mod h1:LzIPMQfyMNhhGPhUkYOs5KpL4U8rLKemX1yGLhDgUto=
golang.org/x/net v0.0.0-20190404232315-eb5bcb51f2a3/go.mod h1:t9HGtf8HONx5eT2rtn7q6eTqICYqUVnKs3thJo3Qplg=
golang.org/x/sys v0.0.0-20190215142949-d0b11bdaac8a/go.mod h1:STP8DvDyc/dI5b8T5hshtkjS+E42TnysNCUPdjciGhY=
golang.org/x/sys v0.0.0-20190222072716-a9d3bda3a223/go.mod h1:STP8DvDyc/dI5b8T5hshtkjS+E42TnysNCUPdjciGhY=
golang.org/x/sys v0.0.0-20190412213103-97732733099d/go.mod h1:h1NjWce9XRLGQEsW7wpKNCjG9DtNlClVuFLEZdDNbEs=
golang.org/x/sys v0.0.0-20191026070338-33540a1f6037 h1:YyJpGZS1sBuBCzLAR1VEpK193GlqGZbnPFnPV/5Rsb4=
golang.org/x/sys v0.0.0-20191026070338-33540a1f6037/go.mod h1:h1NjWce9XRLGQEsW7wpKNCjG9DtNlClVuFLEZdDNbEs=
golang.org/x/text v0.3.0/go.mod h1:NqM8EUOU14njkJ3fqMW+pc6Ldnwhi/IjpwHt7yyuwOQ=
gopkg.in/alecthomas/kingpin.v2 v2.2.6 h1:jMFz6MfLP0/4fUyZle81rXUoxOBFi19VUFKVDOQfozc=
gopkg.in/alecthomas/kingpin.v2 v2.2.6/go.mod h1:FMv+mEhP44yOT+4EoQTLFTRgOQ1FBLkstjWtayDeSgw=
gopkg.in/check.v1 v0.0.0-20161208181325-20d25e280405 h1:yhCVgyC4o1eVCa2tZl7eS0r+SDo693bJlVdllGtEeKM=
gopkg.in/check.v1 v0.0.0-20161208181325-20d25e280405/go.mod h1:Co6ibVJAznAaIkqp8huTwlJQCZ016jof/cbN4VW5Yz0=
gopkg.in/yaml.v2 v2.2.2/go.mod h1:hI93XBmqTisBFMUTm0b8Fm+jr3Dg1NNxqwp+5A1VGuI=
gopkg.in/yaml.v2 v2.2.8/go.mod h1:hI93XBmqTisBFMUTm0b8Fm+jr3Dg1NNxqwp+5A1VGuI=
gopkg.in/yaml.v2 v2.3.0 h1:clyUAQHOM3G0M3f5vQj7LuJrETvjVot3Z5el9nffUtU=
gopkg.in/yaml.v2 v2.3.0/go.mod h1:hI93XBmqTisBFMUTm0b8Fm+jr3Dg1NNxqwp+5A1VGuI=
